
Microsoft Visual Studio Solution File, Format Version 12.00
# Visual Studio Version 17
VisualStudioVersion = 17.9.34728.123
MinimumVisualStudioVersion = 10.0.40219.1
Project("{9A19103F-16F7-4668-BE54-9A1E7A4F7556}") = "ImageManip", "ImageManip.csproj", "{543293F8-FEF7-4A4B-9FBA-B7E064AB0A9B}"
EndProject
Global
	GlobalSection(SolutionConfigurationPlatforms) = preSolution
		Debug|Any CPU = Debug|Any CPU
		Release|Any CPU = Release|Any CPU
	EndGlobalSection
	GlobalSection(ProjectConfigurationPlatforms) = postSolution
		{543293F8-FEF7-4A4B-9FBA-B7E064AB0A9B}.Debug|Any CPU.ActiveCfg = Debug|Any CPU
		{543293F8-FEF7-4A4B-9FBA-B7E064AB0A9B}.Debug|Any CPU.Build.0 = Debug|Any CPU
		{543293F8-FEF7-4A4B-9FBA-B7E064AB0A9B}.Release|Any CPU.ActiveCfg = Release|Any CPU
		{543293F8-FEF7-4A4B-9FBA-B7E064AB0A9B}.Release|Any CPU.Build.0 = Release|Any CPU
	EndGlobalSection
	GlobalSection(SolutionProperties) = preSolution
		HideSolutionNode = FALSE
	EndGlobalSection
	GlobalSection(ExtensibilityGlobals) = postSolution
		SolutionGuid = {A5F3FF2F-B869-44D4-A4C5-111420993600}
	EndGlobalSection
EndGlobal
